
Microsoft Visual Studio Solution File, Format Version 12.00
# Visual Studio 14
VisualStudioVersion = 14.0.25420.1
MinimumVisualStudioVersion = 10.0.40219.1
Project("{F184B08F-C81C-45F6-A57F-5ABD9991F28F}") = "MocaSQLCLR20", "MocaSQLCLR\MocaSQLCLR20.vbproj", "{20B8688C-A7AB-4803-B5D6-C800D26EB7E9}"
EndProject
Project("{F184B08F-C81C-45F6-A57F-5ABD9991F28F}") = "MocaSQLCLR35", "MocaSQLCLR\MocaSQLCLR35.vbproj", "{A029F819-D434-439C-8D47-4A164022A772}"
EndProject
Project("{F184B08F-C81C-45F6-A57F-5ABD9991F28F}") = "MocaSQLCLR40", "MocaSQLCLR\MocaSQLCLR40.vbproj", "{6D241B39-B7E9-4E87-99E3-F08FB51E0572}"
EndProject
Project("{F184B08F-C81C-45F6-A57F-5ABD9991F28F}") = "MocaSQLCLR45", "MocaSQLCLR\MocaSQLCLR45.vbproj", "{09F51ECE-844D-45A7-9ABE-DCB36BB5517F}"
EndProject
Project("{2150E333-8FDC-42A3-9474-1A3956D46DE8}") = "Solution Items", "Solution Items", "{DB7DED84-D0C0-404D-A90D-855015C732C9}"
	ProjectSection(SolutionItems) = preProject
		LICENSE.md = LICENSE.md
		README.md = README.md
	EndProjectSection
EndProject
Project("{F184B08F-C81C-45F6-A57F-5ABD9991F28F}") = "MocaSQLCLR46", "MocaSQLCLR\MocaSQLCLR46.vbproj", "{7D0CBDC7-FBF1-4944-B1A1-C656BC13378C}"
EndProject
Project("{FF286327-C783-4F7A-AB73-9BCBAD0D4460}") = "NuGet.Package", "NuGet.Package\NuGet.Package.nuproj", "{F0590517-8B93-4834-9FD8-0DFED32AF047}"
EndProject
Project("{2150E333-8FDC-42A3-9474-1A3956D46DE8}") = ".nuget", ".nuget", "{374DD98E-AB49-488F-B500-582022969144}"
	ProjectSection(SolutionItems) = preProject
		.nuget\packages.config = .nuget\packages.config
	EndProjectSection
EndProject
Project("{F184B08F-C81C-45F6-A57F-5ABD9991F28F}") = "MocaSQLCLR47", "MocaSQLCLR\MocaSQLCLR47.vbproj", "{BAA867D0-0F4D-4DFC-AFB6-2290595A4F30}"
EndProject
Project("{F184B08F-C81C-45F6-A57F-5ABD9991F28F}") = "MocaSQLCLR452", "MocaSQLCLR\MocaSQLCLR452.vbproj", "{AC17B927-1243-4D8D-9743-B8C0BCBFC2E5}"
EndProject
Project("{F184B08F-C81C-45F6-A57F-5ABD9991F28F}") = "MocaSQLCLR462", "MocaSQLCLR\MocaSQLCLR462.vbproj", "{A64417F2-0571-4C7A-A6AB-1BC9EB248B0A}"
EndProject
Global
	GlobalSection(SolutionConfigurationPlatforms) = preSolution
		Debug|Any CPU = Debug|Any CPU
		Release|Any CPU = Release|Any CPU
	EndGlobalSection
	GlobalSection(ProjectConfigurationPlatforms) = postSolution
		{20B8688C-A7AB-4803-B5D6-C800D26EB7E9}.Debug|Any CPU.ActiveCfg = Debug|Any CPU
		{20B8688C-A7AB-4803-B5D6-C800D26EB7E9}.Debug|Any CPU.Build.0 = Debug|Any CPU
		{20B8688C-A7AB-4803-B5D6-C800D26EB7E9}.Release|Any CPU.ActiveCfg = Release|Any CPU
		{20B8688C-A7AB-4803-B5D6-C800D26EB7E9}.Release|Any CPU.Build.0 = Release|Any CPU
		{A029F819-D434-439C-8D47-4A164022A772}.Debug|Any CPU.ActiveCfg = Debug|Any CPU
		{A029F819-D434-439C-8D47-4A164022A772}.Debug|Any CPU.Build.0 = Debug|Any CPU
		{A029F819-D434-439C-8D47-4A164022A772}.Release|Any CPU.ActiveCfg = Release|Any CPU
		{A029F819-D434-439C-8D47-4A164022A772}.Release|Any CPU.Build.0 = Release|Any CPU
		{6D241B39-B7E9-4E87-99E3-F08FB51E0572}.Debug|Any CPU.ActiveCfg = Debug|Any CPU
		{6D241B39-B7E9-4E87-99E3-F08FB51E0572}.Debug|Any CPU.Build.0 = Debug|Any CPU
		{6D241B39-B7E9-4E87-99E3-F08FB51E0572}.Release|Any CPU.ActiveCfg = Release|Any CPU
		{6D241B39-B7E9-4E87-99E3-F08FB51E0572}.Release|Any CPU.Build.0 = Release|Any CPU
		{09F51ECE-844D-45A7-9ABE-DCB36BB5517F}.Debug|Any CPU.ActiveCfg = Debug|Any CPU
		{09F51ECE-844D-45A7-9ABE-DCB36BB5517F}.Debug|Any CPU.Build.0 = Debug|Any CPU
		{09F51ECE-844D-45A7-9ABE-DCB36BB5517F}.Release|Any CPU.ActiveCfg = Release|Any CPU
		{09F51ECE-844D-45A7-9ABE-DCB36BB5517F}.Release|Any CPU.Build.0 = Release|Any CPU
		{7D0CBDC7-FBF1-4944-B1A1-C656BC13378C}.Debug|Any CPU.ActiveCfg = Debug|Any CPU
		{7D0CBDC7-FBF1-4944-B1A1-C656BC13378C}.Debug|Any CPU.Build.0 = Debug|Any CPU
		{7D0CBDC7-FBF1-4944-B1A1-C656BC13378C}.Release|Any CPU.ActiveCfg = Release|Any CPU
		{7D0CBDC7-FBF1-4944-B1A1-C656BC13378C}.Release|Any CPU.Build.0 = Release|Any CPU
		{F0590517-8B93-4834-9FD8-0DFED32AF047}.Debug|Any CPU.ActiveCfg = Debug|Any CPU
		{F0590517-8B93-4834-9FD8-0DFED32AF047}.Debug|Any CPU.Build.0 = Debug|Any CPU
		{F0590517-8B93-4834-9FD8-0DFED32AF047}.Release|Any CPU.ActiveCfg = Release|Any CPU
		{F0590517-8B93-4834-9FD8-0DFED32AF047}.Release|Any CPU.Build.0 = Release|Any CPU
		{BAA867D0-0F4D-4DFC-AFB6-2290595A4F30}.Debug|Any CPU.ActiveCfg = Debug|Any CPU
		{BAA867D0-0F4D-4DFC-AFB6-2290595A4F30}.Debug|Any CPU.Build.0 = Debug|Any CPU
		{BAA867D0-0F4D-4DFC-AFB6-2290595A4F30}.Release|Any CPU.ActiveCfg = Release|Any CPU
		{BAA867D0-0F4D-4DFC-AFB6-2290595A4F30}.Release|Any CPU.Build.0 = Release|Any CPU
		{AC17B927-1243-4D8D-9743-B8C0BCBFC2E5}.Debug|Any CPU.ActiveCfg = Debug|Any CPU
		{AC17B927-1243-4D8D-9743-B8C0BCBFC2E5}.Debug|Any CPU.Build.0 = Debug|Any CPU
		{AC17B927-1243-4D8D-9743-B8C0BCBFC2E5}.Release|Any CPU.ActiveCfg = Release|Any CPU
		{AC17B927-1243-4D8D-9743-B8C0BCBFC2E5}.Release|Any CPU.Build.0 = Release|Any CPU
		{A64417F2-0571-4C7A-A6AB-1BC9EB248B0A}.Debug|Any CPU.ActiveCfg = Debug|Any CPU
		{A64417F2-0571-4C7A-A6AB-1BC9EB248B0A}.Debug|Any CPU.Build.0 = Debug|Any CPU
		{A64417F2-0571-4C7A-A6AB-1BC9EB248B0A}.Release|Any CPU.ActiveCfg = Release|Any CPU
		{A64417F2-0571-4C7A-A6AB-1BC9EB248B0A}.Release|Any CPU.Build.0 = Release|Any CPU
	EndGlobalSection
	GlobalSection(SolutionProperties) = preSolution
		HideSolutionNode = FALSE
	EndGlobalSection
EndGlobal
